
Microsoft Visual Studio Solution File, Format Version 12.00
# Visual Studio Version 17
VisualStudioVersion = 17.12.35707.178
MinimumVisualStudioVersion = 10.0.40219.1
Project("{FAE04EC0-301F-11D3-BF4B-00C04F79EFBC}") = "Grow.Data", "Grow.Data\Grow.Data.csproj", "{5CDA3AF9-3D4A-42AD-9806-6D49E581066E}"
EndProject
Project("{FAE04EC0-301F-11D3-BF4B-00C04F79EFBC}") = "Grow.API", "Grow.API\Grow.API.csproj", "{763180B9-0B21-4A28-B04F-6EE3BE9C64BF}"
EndProject
Global
	GlobalSection(SolutionConfigurationPlatforms) = preSolution
		develop|Any CPU = develop|Any CPU
		live|Any CPU = live|Any CPU
		staging|Any CPU = staging|Any CPU
	EndGlobalSection
	GlobalSection(ProjectConfigurationPlatforms) = postSolution
		{5CDA3AF9-3D4A-42AD-9806-6D49E581066E}.develop|Any CPU.ActiveCfg = develop|Any CPU
		{5CDA3AF9-3D4A-42AD-9806-6D49E581066E}.develop|Any CPU.Build.0 = develop|Any CPU
		{5CDA3AF9-3D4A-42AD-9806-6D49E581066E}.live|Any CPU.ActiveCfg = live|Any CPU
		{5CDA3AF9-3D4A-42AD-9806-6D49E581066E}.live|Any CPU.Build.0 = live|Any CPU
		{5CDA3AF9-3D4A-42AD-9806-6D49E581066E}.staging|Any CPU.ActiveCfg = staging|Any CPU
		{5CDA3AF9-3D4A-42AD-9806-6D49E581066E}.staging|Any CPU.Build.0 = staging|Any CPU
		{763180B9-0B21-4A28-B04F-6EE3BE9C64BF}.develop|Any CPU.ActiveCfg = develop|Any CPU
		{763180B9-0B21-4A28-B04F-6EE3BE9C64BF}.develop|Any CPU.Build.0 = develop|Any CPU
		{763180B9-0B21-4A28-B04F-6EE3BE9C64BF}.live|Any CPU.ActiveCfg = live|Any CPU
		{763180B9-0B21-4A28-B04F-6EE3BE9C64BF}.live|Any CPU.Build.0 = live|Any CPU
		{763180B9-0B21-4A28-B04F-6EE3BE9C64BF}.staging|Any CPU.ActiveCfg = staging|Any CPU
		{763180B9-0B21-4A28-B04F-6EE3BE9C64BF}.staging|Any CPU.Build.0 = staging|Any CPU
	EndGlobalSection
	GlobalSection(SolutionProperties) = preSolution
		HideSolutionNode = FALSE
	EndGlobalSection
EndGlobal
